{
  "name": "node-reactivity",
  "version": "1.0.0",
  "lockfileVersion": 1,
  "requires": true,
  "dependencies": {
    "@vue/reactivity": {
      "version": "3.0.0-beta.20",
      "resolved": "https://registry.npm.taobao.org/@vue/reactivity/download/@vue/reactivity-3.0.0-beta.20.tgz",
      "integrity": "sha1-ihbwiTlKKahQnkyOUV9eyEsmzBM=",
      "requires": {
        "@vue/shared": "3.0.0-beta.20"
      }
    },
    "@vue/shared": {
      "version": "3.0.0-beta.20",
      "resolved": "https://registry.npm.taobao.org/@vue/shared/download/@vue/shared-3.0.0-beta.20.tgz",
      "integrity": "sha1-Ait6rAlmnWynn/LNOEGIU7L/yL4="
    }
  }
}
